// !$*UTF8*$!
{
	archiveVersion = 1;
	classes = {
	};
	objectVersion = 46;
	objects = {

/* Begin PBXBuildFile section */
		BF1050B21C05125E00133608 /* LocationController.m in Sources */ = {isa = PBXBuildFile; fileRef = BF1050B11C05125E00133608 /* LocationController.m */; };
		BF1050B51C051FB100133608 /* DetailViewController.m in Sources */ = {isa = PBXBuildFile; fileRef = BF1050B41C051FB100133608 /* DetailViewController.m */; };
		BF1050B81C05378900133608 /* Anagram.m in Sources */ = {isa = PBXBuildFile; fileRef = BF1050B71C05378900133608 /* Anagram.m */; };
		BF4443DA1C03B53800D7D009 /* main.m in Sources */ = {isa = PBXBuildFile; fileRef = BF4443D91C03B53800D7D009 /* main.m */; };
		BF4443DD1C03B53800D7D009 /* AppDelegate.m in Sources */ = {isa = PBXBuildFile; fileRef = BF4443DC1C03B53800D7D009 /* AppDelegate.m */; };
		BF4443E01C03B53800D7D009 /* ViewController.m in Sources */ = {isa = PBXBuildFile; fileRef = BF4443DF1C03B53800D7D009 /* ViewController.m */; };
		BF4443E31C03B53800D7D009 /* Main.storyboard in Resources */ = {isa = PBXBuildFile; fileRef = BF4443E11C03B53800D7D009 /* Main.storyboard */; };
		BF4443E51C03B53800D7D009 /* Assets.xcassets in Resources */ = {isa = PBXBuildFile; fileRef = BF4443E41C03B53800D7D009 /* Assets.xcassets */; };
		BF4443E81C03B53800D7D009 /* LaunchScreen.storyboard in Resources */ = {isa = PBXBuildFile; fileRef = BF4443E61C03B53800D7D009 /* LaunchScreen.storyboard */; };
		BF4443F31C03B53800D7D009 /* LocationBasedRemindersTests.m in Sources */ = {isa = PBXBuildFile; fileRef = BF4443F21C03B53800D7D009 /* LocationBasedRemindersTests.m */; };
		BF4443FE1C03B53800D7D009 /* LocationBasedRemindersUITests.m in Sources */ = {isa = PBXBuildFile; fileRef = BF4443FD1C03B53800D7D009 /* LocationBasedRemindersUITests.m */; };
		BF44440C1C03B54A00D7D009 /* MapKit.framework in Frameworks */ = {isa = PBXBuildFile; fileRef = BF44440B1C03B54A00D7D009 /* MapKit.framework */; };
		BF4444161C03DFEE00D7D009 /* Stack.m in Sources */ = {isa = PBXBuildFile; fileRef = BF4444151C03DFEE00D7D009 /* Stack.m */; };
		BF4444191C03EBFF00D7D009 /* Queue.m in Sources */ = {isa = PBXBuildFile; fileRef = BF4444181C03EBFF00D7D009 /* Queue.m */; };
		BFCCBB4B1C0C01BE002419AB /* Interface.storyboard in Resources */ = {isa = PBXBuildFile; fileRef = BFCCBB491C0C01BE002419AB /* Interface.storyboard */; };
		BFCCBB4D1C0C01BE002419AB /* Assets.xcassets in Resources */ = {isa = PBXBuildFile; fileRef = BFCCBB4C1C0C01BE002419AB /* Assets.xcassets */; };
		BFCCBB541C0C01BE002419AB /* WatchKitLocationBasedReminders Extension.appex in Embed App Extensions */ = {isa = PBXBuildFile; fileRef = BFCCBB531C0C01BE002419AB /* WatchKitLocationBasedReminders Extension.appex */; settings = {ATTRIBUTES = (RemoveHeadersOnCopy, ); }; };
		BFCCBB5A1C0C01BE002419AB /* InterfaceController.m in Sources */ = {isa = PBXBuildFile; fileRef = BFCCBB591C0C01BE002419AB /* InterfaceController.m */; };
		BFCCBB5D1C0C01BE002419AB /* ExtensionDelegate.m in Sources */ = {isa = PBXBuildFile; fileRef = BFCCBB5C1C0C01BE002419AB /* ExtensionDelegate.m */; };
		BFCCBB5F1C0C01BE002419AB /* Assets.xcassets in Resources */ = {isa = PBXBuildFile; fileRef = BFCCBB5E1C0C01BE002419AB /* Assets.xcassets */; };
		BFCCBB631C0C01BE002419AB /* WatchKitLocationBasedReminders.app in Embed Watch Content */ = {isa = PBXBuildFile; fileRef = BFCCBB471C0C01BE002419AB /* WatchKitLocationBasedReminders.app */; };
		BFCCBB6F1C0C0502002419AB /* ReminderTableRowController.m in Sources */ = {isa = PBXBuildFile; fileRef = BFCCBB6E1C0C0502002419AB /* ReminderTableRowController.m */; };
		BFDD50591C0664C6003ADE4F /* Bolts.framework in Frameworks */ = {isa = PBXBuildFile; fileRef = BFDD50531C0664C6003ADE4F /* Bolts.framework */; };
		BFDD505A1C0664C6003ADE4F /* Parse.framework in Frameworks */ = {isa = PBXBuildFile; fileRef = BFDD50541C0664C6003ADE4F /* Parse.framework */; };
		BFDD505B1C0664C6003ADE4F /* ParseFacebookUtils.framework in Frameworks */ = {isa = PBXBuildFile; fileRef = BFDD50551C0664C6003ADE4F /* ParseFacebookUtils.framework */; };
		BFDD505C1C0664C6003ADE4F /* ParseFacebookUtilsV4.framework in Frameworks */ = {isa = PBXBuildFile; fileRef = BFDD50561C0664C6003ADE4F /* ParseFacebookUtilsV4.framework */; };
		BFDD505D1C0664C6003ADE4F /* ParseTwitterUtils.framework in Frameworks */ = {isa = PBXBuildFile; fileRef = BFDD50571C0664C6003ADE4F /* ParseTwitterUtils.framework */; };
		BFDD505E1C0664C6003ADE4F /* ParseUI.framework in Frameworks */ = {isa = PBXBuildFile; fileRef = BFDD50581C0664C6003ADE4F /* ParseUI.framework */; };
		BFDD50601C066611003ADE4F /* AudioToolbox.framework in Frameworks */ = {isa = PBXBuildFile; fileRef = BFDD505F1C066611003ADE4F /* AudioToolbox.framework */; };
		BFDD50621C06661C003ADE4F /* CFNetwork.framework in Frameworks */ = {isa = PBXBuildFile; fileRef = BFDD50611C06661C003ADE4F /* CFNetwork.framework */; };
		BFDD50641C066625003ADE4F /* CoreGraphics.framework in Frameworks */ = {isa = PBXBuildFile; fileRef = BFDD50631C066625003ADE4F /* CoreGraphics.framework */; };
		BFDD50661C06662F003ADE4F /* CoreLocation.framework in Frameworks */ = {isa = PBXBuildFile; fileRef = BFDD50651C06662F003ADE4F /* CoreLocation.framework */; };
		BFDD50681C066636003ADE4F /* QuartzCore.framework in Frameworks */ = {isa = PBXBuildFile; fileRef = BFDD50671C066636003ADE4F /* QuartzCore.framework */; };
		BFDD506A1C06663F003ADE4F /* Security.framework in Frameworks */ = {isa = PBXBuildFile; fileRef = BFDD50691C06663F003ADE4F /* Security.framework */; };
		BFDD506C1C066647003ADE4F /* StoreKit.framework in Frameworks */ = {isa = PBXBuildFile; fileRef = BFDD506B1C066647003ADE4F /* StoreKit.framework */; };
		BFDD506E1C066655003ADE4F /* SystemConfiguration.framework in Frameworks */ = {isa = PBXBuildFile; fileRef = BFDD506D1C066655003ADE4F /* SystemConfiguration.framework */; };
		BFDD50701C066667003ADE4F /* libz.tbd in Frameworks */ = {isa = PBXBuildFile; fileRef = BFDD506F1C066667003ADE4F /* libz.tbd */; };
		BFDD50721C066674003ADE4F /* libsqlite3.tbd in Frameworks */ = {isa = PBXBuildFile; fileRef = BFDD50711C066674003ADE4F /* libsqlite3.tbd */; };
		BFDD50741C06668B003ADE4F /* Accounts.framework in Frameworks */ = {isa = PBXBuildFile; fileRef = BFDD50731C06668B003ADE4F /* Accounts.framework */; };
		BFDD50761C066693003ADE4F /* Social.framework in Frameworks */ = {isa = PBXBuildFile; fileRef = BFDD50751C066693003ADE4F /* Social.framework */; };
		BFDD50791C067279003ADE4F /* Reminder.m in Sources */ = {isa = PBXBuildFile; fileRef = BFDD50781C067279003ADE4F /* Reminder.m */; };
/* End PBXBuildFile section */

/* Begin PBXContainerItemProxy section */
		BF4443EF1C03B53800D7D009 /* PBXContainerItemProxy */ = {
			isa = PBXContainerItemProxy;
			containerPortal = BF4443CD1C03B53800D7D009 /* Project object */;
			proxyType = 1;
			remoteGlobalIDString = BF4443D41C03B53800D7D009;
			remoteInfo = LocationBasedReminders;
		};
		BF4443FA1C03B53800D7D009 /* PBXContainerItemProxy */ = {
			isa = PBXContainerItemProxy;
			containerPortal = BF4443CD1C03B53800D7D009 /* Project object */;
			proxyType = 1;
			remoteGlobalIDString = BF4443D41C03B53800D7D009;
			remoteInfo = LocationBasedReminders;
		};
		BFCCBB551C0C01BE002419AB /* PBXContainerItemProxy */ = {
			isa = PBXContainerItemProxy;
			containerPortal = BF4443CD1C03B53800D7D009 /* Project object */;
			proxyType = 1;
			remoteGlobalIDString = BFCCBB521C0C01BE002419AB;
			remoteInfo = "WatchKitLocationBasedReminders Extension";
		};
		BFCCBB611C0C01BE002419AB /* PBXContainerItemProxy */ = {
			isa = PBXContainerItemProxy;
			containerPortal = BF4443CD1C03B53800D7D009 /* Project object */;
			proxyType = 1;
			remoteGlobalIDString = BFCCBB461C0C01BE002419AB;
			remoteInfo = WatchKitLocationBasedReminders;
		};
/* End PBXContainerItemProxy section */

/* Begin PBXCopyFilesBuildPhase section */
		BFCCBB691C0C01BE002419AB /* Embed App Extensions */ = {
			isa = PBXCopyFilesBuildPhase;
			buildActionMask = 2147483647;
			dstPath = "";
			dstSubfolderSpec = 13;
			files = (
				BFCCBB541C0C01BE002419AB /* WatchKitLocationBasedReminders Extension.appex in Embed App Extensions */,
			);
			name = "Embed App Extensions";
			runOnlyForDeploymentPostprocessing = 0;
		};
		BFCCBB6B1C0C01BE002419AB /* Embed Watch Content */ = {
			isa = PBXCopyFilesBuildPhase;
			buildActionMask = 2147483647;
			dstPath = "$(CONTENTS_FOLDER_PATH)/Watch";
			dstSubfolderSpec = 16;
			files = (
				BFCCBB631C0C01BE002419AB /* WatchKitLocationBasedReminders.app in Embed Watch Content */,
			);
			name = "Embed Watch Content";
			runOnlyForDeploymentPostprocessing = 0;
		};
/* End PBXCopyFilesBuildPhase section */

/* Begin PBXFileReference section */
		BF1050B01C05125E00133608 /* LocationController.h */ = {isa = PBXFileReference; fileEncoding = 4; lastKnownFileType = sourcecode.c.h; path = LocationController.h; sourceTree = "<group>"; };
		BF1050B11C05125E00133608 /* LocationController.m */ = {isa = PBXFileReference; fileEncoding = 4; lastKnownFileType = sourcecode.c.objc; path = LocationController.m; sourceTree = "<group>"; };
		BF1050B31C051FB100133608 /* DetailViewController.h */ = {isa = PBXFileReference; fileEncoding = 4; lastKnownFileType = sourcecode.c.h; path = DetailViewController.h; sourceTree = "<group>"; };
		BF1050B41C051FB100133608 /* DetailViewController.m */ = {isa = PBXFileReference; fileEncoding = 4; lastKnownFileType = sourcecode.c.objc; path = DetailViewController.m; sourceTree = "<group>"; };
		BF1050B61C05378900133608 /* Anagram.h */ = {isa = PBXFileReference; fileEncoding = 4; lastKnownFileType = sourcecode.c.h; name = Anagram.h; path = CodeChallenge/Anagram.h; sourceTree = "<group>"; };
		BF1050B71C05378900133608 /* Anagram.m */ = {isa = PBXFileReference; fileEncoding = 4; lastKnownFileType = sourcecode.c.objc; name = Anagram.m; path = CodeChallenge/Anagram.m; sourceTree = "<group>"; };
		BF4443D51C03B53800D7D009 /* LocationBasedReminders.app */ = {isa = PBXFileReference; explicitFileType = wrapper.application; includeInIndex = 0; path = LocationBasedReminders.app; sourceTree = BUILT_PRODUCTS_DIR; };
		BF4443D91C03B53800D7D009 /* main.m */ = {isa = PBXFileReference; lastKnownFileType = sourcecode.c.objc; path = main.m; sourceTree = "<group>"; };
		BF4443DB1C03B53800D7D009 /* AppDelegate.h */ = {isa = PBXFileReference; lastKnownFileType = sourcecode.c.h; path = AppDelegate.h; sourceTree = "<group>"; };
		BF4443DC1C03B53800D7D009 /* AppDelegate.m */ = {isa = PBXFileReference; lastKnownFileType = sourcecode.c.objc; path = AppDelegate.m; sourceTree = "<group>"; };
		BF4443DE1C03B53800D7D009 /* ViewController.h */ = {isa = PBXFileReference; lastKnownFileType = sourcecode.c.h; path = ViewController.h; sourceTree = "<group>"; };
		BF4443DF1C03B53800D7D009 /* ViewController.m */ = {isa = PBXFileReference; lastKnownFileType = sourcecode.c.objc; path = ViewController.m; sourceTree = "<group>"; };
		BF4443E21C03B53800D7D009 /* Base */ = {isa = PBXFileReference; lastKnownFileType = file.storyboard; name = Base; path = Base.lproj/Main.storyboard; sourceTree = "<group>"; };
		BF4443E41C03B53800D7D009 /* Assets.xcassets */ = {isa = PBXFileReference; lastKnownFileType = folder.assetcatalog; path = Assets.xcassets; sourceTree = "<group>"; };
		BF4443E71C03B53800D7D009 /* Base */ = {isa = PBXFileReference; lastKnownFileType = file.storyboard; name = Base; path = Base.lproj/LaunchScreen.storyboard; sourceTree = "<group>"; };
		BF4443E91C03B53800D7D009 /* Info.plist */ = {isa = PBXFileReference; lastKnownFileType = text.plist.xml; path = Info.plist; sourceTree = "<group>"; };
		BF4443EE1C03B53800D7D009 /* LocationBasedRemindersTests.xctest */ = {isa = PBXFileReference; explicitFileType = wrapper.cfbundle; includeInIndex = 0; path = LocationBasedRemindersTests.xctest; sourceTree = BUILT_PRODUCTS_DIR; };
		BF4443F21C03B53800D7D009 /* LocationBasedRemindersTests.m */ = {isa = PBXFileReference; lastKnownFileType = sourcecode.c.objc; path = LocationBasedRemindersTests.m; sourceTree = "<group>"; };
		BF4443F41C03B53800D7D009 /* Info.plist */ = {isa = PBXFileReference; lastKnownFileType = text.plist.xml; path = Info.plist; sourceTree = "<group>"; };
		BF4443F91C03B53800D7D009 /* LocationBasedRemindersUITests.xctest */ = {isa = PBXFileReference; explicitFileType = wrapper.cfbundle; includeInIndex = 0; path = LocationBasedRemindersUITests.xctest; sourceTree = BUILT_PRODUCTS_DIR; };
		BF4443FD1C03B53800D7D009 /* LocationBasedRemindersUITests.m */ = {isa = PBXFileReference; lastKnownFileType = sourcecode.c.objc; path = LocationBasedRemindersUITests.m; sourceTree = "<group>"; };
		BF4443FF1C03B53800D7D009 /* Info.plist */ = {isa = PBXFileReference; lastKnownFileType = text.plist.xml; path = Info.plist; sourceTree = "<group>"; };
		BF44440B1C03B54A00D7D009 /* MapKit.framework */ = {isa = PBXFileReference; lastKnownFileType = wrapper.framework; name = MapKit.framework; path = System/Library/Frameworks/MapKit.framework; sourceTree = SDKROOT; };
		BF4444141C03DFEE00D7D009 /* Stack.h */ = {isa = PBXFileReference; fileEncoding = 4; lastKnownFileType = sourcecode.c.h; path = Stack.h; sourceTree = "<group>"; };
		BF4444151C03DFEE00D7D009 /* Stack.m */ = {isa = PBXFileReference; fileEncoding = 4; lastKnownFileType = sourcecode.c.objc; path = Stack.m; sourceTree = "<group>"; };
		BF4444171C03EBFF00D7D009 /* Queue.h */ = {isa = PBXFileReference; fileEncoding = 4; lastKnownFileType = sourcecode.c.h; name = Queue.h; path = CodeChallenge/Queue.h; sourceTree = "<group>"; };
		BF4444181C03EBFF00D7D009 /* Queue.m */ = {isa = PBXFileReference; fileEncoding = 4; lastKnownFileType = sourcecode.c.objc; name = Queue.m; path = CodeChallenge/Queue.m; sourceTree = "<group>"; };
		BFCCBB471C0C01BE002419AB /* WatchKitLocationBasedReminders.app */ = {isa = PBXFileReference; explicitFileType = wrapper.application; includeInIndex = 0; path = WatchKitLocationBasedReminders.app; sourceTree = BUILT_PRODUCTS_DIR; };
		BFCCBB4A1C0C01BE002419AB /* Base */ = {isa = PBXFileReference; lastKnownFileType = file.storyboard; name = Base; path = Base.lproj/Interface.storyboard; sourceTree = "<group>"; };
		BFCCBB4C1C0C01BE002419AB /* Assets.xcassets */ = {isa = PBXFileReference; lastKnownFileType = folder.assetcatalog; path = Assets.xcassets; sourceTree = "<group>"; };
		BFCCBB4E1C0C01BE002419AB /* Info.plist */ = {isa = PBXFileReference; lastKnownFileType = text.plist.xml; path = Info.plist; sourceTree = "<group>"; };
		BFCCBB531C0C01BE002419AB /* WatchKitLocationBasedReminders Extension.appex */ = {isa = PBXFileReference; explicitFileType = "wrapper.app-extension"; includeInIndex = 0; path = "WatchKitLocationBasedReminders Extension.appex"; sourceTree = BUILT_PRODUCTS_DIR; };
		BFCCBB581C0C01BE002419AB /* InterfaceController.h */ = {isa = PBXFileReference; lastKnownFileType = sourcecode.c.h; path = InterfaceController.h; sourceTree = "<group>"; };
		BFCCBB591C0C01BE002419AB /* InterfaceController.m */ = {isa = PBXFileReference; lastKnownFileType = sourcecode.c.objc; path = InterfaceController.m; sourceTree = "<group>"; };
		BFCCBB5B1C0C01BE002419AB /* ExtensionDelegate.h */ = {isa = PBXFileReference; lastKnownFileType = sourcecode.c.h; path = ExtensionDelegate.h; sourceTree = "<group>"; };
		BFCCBB5C1C0C01BE002419AB /* ExtensionDelegate.m */ = {isa = PBXFileReference; lastKnownFileType = sourcecode.c.objc; path = ExtensionDelegate.m; sourceTree = "<group>"; };
		BFCCBB5E1C0C01BE002419AB /* Assets.xcassets */ = {isa = PBXFileReference; lastKnownFileType = folder.assetcatalog; path = Assets.xcassets; sourceTree = "<group>"; };
		BFCCBB601C0C01BE002419AB /* Info.plist */ = {isa = PBXFileReference; lastKnownFileType = text.plist.xml; path = Info.plist; sourceTree = "<group>"; };
		BFCCBB6D1C0C0502002419AB /* ReminderTableRowController.h */ = {isa = PBXFileReference; fileEncoding = 4; lastKnownFileType = sourcecode.c.h; path = ReminderTableRowController.h; sourceTree = "<group>"; };
		BFCCBB6E1C0C0502002419AB /* ReminderTableRowController.m */ = {isa = PBXFileReference; fileEncoding = 4; lastKnownFileType = sourcecode.c.objc; path = ReminderTableRowController.m; sourceTree = "<group>"; };
		BFDD50531C0664C6003ADE4F /* Bolts.framework */ = {isa = PBXFileReference; lastKnownFileType = wrapper.framework; path = Bolts.framework; sourceTree = "<group>"; };
		BFDD50541C0664C6003ADE4F /* Parse.framework */ = {isa = PBXFileReference; lastKnownFileType = wrapper.framework; path = Parse.framework; sourceTree = "<group>"; };
		BFDD50551C0664C6003ADE4F /* ParseFacebookUtils.framework */ = {isa = PBXFileReference; lastKnownFileType = wrapper.framework; path = ParseFacebookUtils.framework; sourceTree = "<group>"; };
		BFDD50561C0664C6003ADE4F /* ParseFacebookUtilsV4.framework */ = {isa = PBXFileReference; lastKnownFileType = wrapper.framework; path = ParseFacebookUtilsV4.framework; sourceTree = "<group>"; };
		BFDD50571C0664C6003ADE4F /* ParseTwitterUtils.framework */ = {isa = PBXFileReference; lastKnownFileType = wrapper.framework; path = ParseTwitterUtils.framework; sourceTree = "<group>"; };
		BFDD50581C0664C6003ADE4F /* ParseUI.framework */ = {isa = PBXFileReference; lastKnownFileType = wrapper.framework; path = ParseUI.framework; sourceTree = "<group>"; };
		BFDD505F1C066611003ADE4F /* AudioToolbox.framework */ = {isa = PBXFileReference; lastKnownFileType = wrapper.framework; name = AudioToolbox.framework; path = System/Library/Frameworks/AudioToolbox.framework; sourceTree = SDKROOT; };
		BFDD50611C06661C003ADE4F /* CFNetwork.framework */ = {isa = PBXFileReference; lastKnownFileType = wrapper.framework; name = CFNetwork.framework; path = System/Library/Frameworks/CFNetwork.framework; sourceTree = SDKROOT; };
		BFDD50631C066625003ADE4F /* CoreGraphics.framework */ = {isa = PBXFileReference; lastKnownFileType = wrapper.framework; name = CoreGraphics.framework; path = System/Library/Frameworks/CoreGraphics.framework; sourceTree = SDKROOT; };
		BFDD50651C06662F003ADE4F /* CoreLocation.framework */ = {isa = PBXFileReference; lastKnownFileType = wrapper.framework; name = CoreLocation.framework; path = System/Library/Frameworks/CoreLocation.framework; sourceTree = SDKROOT; };
		BFDD50671C066636003ADE4F /* QuartzCore.framework */ = {isa = PBXFileReference; lastKnownFileType = wrapper.framework; name = QuartzCore.framework; path = System/Library/Frameworks/QuartzCore.framework; sourceTree = SDKROOT; };
		BFDD50691C06663F003ADE4F /* Security.framework */ = {isa = PBXFileReference; lastKnownFileType = wrapper.framework; name = Security.framework; path = System/Library/Frameworks/Security.framework; sourceTree = SDKROOT; };
		BFDD506B1C066647003ADE4F /* StoreKit.framework */ = {isa = PBXFileReference; lastKnownFileType = wrapper.framework; name = StoreKit.framework; path = System/Library/Frameworks/StoreKit.framework; sourceTree = SDKROOT; };
		BFDD506D1C066655003ADE4F /* SystemConfiguration.framework */ = {isa = PBXFileReference; lastKnownFileType = wrapper.framework; name = SystemConfiguration.framework; path = System/Library/Frameworks/SystemConfiguration.framework; sourceTree = SDKROOT; };
		BFDD506F1C066667003ADE4F /* libz.tbd */ = {isa = PBXFileReference; lastKnownFileType = "sourcecode.text-based-dylib-definition"; name = libz.tbd; path = usr/lib/libz.tbd; sourceTree = SDKROOT; };
		BFDD50711C066674003ADE4F /* libsqlite3.tbd */ = {isa = PBXFileReference; lastKnownFileType = "sourcecode.text-based-dylib-definition"; name = libsqlite3.tbd; path = usr/lib/libsqlite3.tbd; sourceTree = SDKROOT; };
		BFDD50731C06668B003ADE4F /* Accounts.framework */ = {isa = PBXFileReference; lastKnownFileType = wrapper.framework; name = Accounts.framework; path = System/Library/Frameworks/Accounts.framework; sourceTree = SDKROOT; };
		BFDD50751C066693003ADE4F /* Social.framework */ = {isa = PBXFileReference; lastKnownFileType = wrapper.framework; name = Social.framework; path = System/Library/Frameworks/Social.framework; sourceTree = SDKROOT; };
		BFDD50771C067279003ADE4F /* Reminder.h */ = {isa = PBXFileReference; fileEncoding = 4; lastKnownFileType = sourcecode.c.h; path = Reminder.h; sourceTree = "<group>"; };
		BFDD50781C067279003ADE4F /* Reminder.m */ = {isa = PBXFileReference; fileEncoding = 4; lastKnownFileType = sourcecode.c.objc; path = Reminder.m; sourceTree = "<group>"; };
/* End PBXFileReference section */

/* Begin PBXFrameworksBuildPhase section */
		BF4443D21C03B53800D7D009 /* Frameworks */ = {
			isa = PBXFrameworksBuildPhase;
			buildActionMask = 2147483647;
			files = (
				BFDD50761C066693003ADE4F /* Social.framework in Frameworks */,
				BFDD50741C06668B003ADE4F /* Accounts.framework in Frameworks */,
				BFDD50721C066674003ADE4F /* libsqlite3.tbd in Frameworks */,
				BFDD50701C066667003ADE4F /* libz.tbd in Frameworks */,
				BFDD506E1C066655003ADE4F /* SystemConfiguration.framework in Frameworks */,
				BFDD506C1C066647003ADE4F /* StoreKit.framework in Frameworks */,
				BFDD506A1C06663F003ADE4F /* Security.framework in Frameworks */,
				BFDD50681C066636003ADE4F /* QuartzCore.framework in Frameworks */,
				BFDD50661C06662F003ADE4F /* CoreLocation.framework in Frameworks */,
				BFDD50641C066625003ADE4F /* CoreGraphics.framework in Frameworks */,
				BFDD50621C06661C003ADE4F /* CFNetwork.framework in Frameworks */,
				BFDD50601C066611003ADE4F /* AudioToolbox.framework in Frameworks */,
				BF44440C1C03B54A00D7D009 /* MapKit.framework in Frameworks */,
				BFDD505A1C0664C6003ADE4F /* Parse.framework in Frameworks */,
				BFDD505E1C0664C6003ADE4F /* ParseUI.framework in Frameworks */,
				BFDD505B1C0664C6003ADE4F /* ParseFacebookUtils.framework in Frameworks */,
				BFDD50591C0664C6003ADE4F /* Bolts.framework in Frameworks */,
				BFDD505D1C0664C6003ADE4F /* ParseTwitterUtils.framework in Frameworks */,
				BFDD505C1C0664C6003ADE4F /* ParseFacebookUtilsV4.framework in Frameworks */,
			);
			runOnlyForDeploymentPostprocessing = 0;
		};
		BF4443EB1C03B53800D7D009 /* Frameworks */ = {
			isa = PBXFrameworksBuildPhase;
			buildActionMask = 2147483647;
			files = (
			);
			runOnlyForDeploymentPostprocessing = 0;
		};
		BF4443F61C03B53800D7D009 /* Frameworks */ = {
			isa = PBXFrameworksBuildPhase;
			buildActionMask = 2147483647;
			files = (
			);
			runOnlyForDeploymentPostprocessing = 0;
		};
		BFCCBB501C0C01BE002419AB /* Frameworks */ = {
			isa = PBXFrameworksBuildPhase;
			buildActionMask = 2147483647;
			files = (
			);
			runOnlyForDeploymentPostprocessing = 0;
		};
/* End PBXFrameworksBuildPhase section */

/* Begin PBXGroup section */
		BF1050AC1C05108600133608 /* App */ = {
			isa = PBXGroup;
			children = (
				BF4443DC1C03B53800D7D009 /* AppDelegate.m */,
				BF4443DB1C03B53800D7D009 /* AppDelegate.h */,
			);
			name = App;
			sourceTree = "<group>";
		};
		BF1050AD1C0511ED00133608 /* Controllers */ = {
			isa = PBXGroup;
			children = (
				BF4443DE1C03B53800D7D009 /* ViewController.h */,
				BF4443DF1C03B53800D7D009 /* ViewController.m */,
				BF1050B31C051FB100133608 /* DetailViewController.h */,
				BF1050B41C051FB100133608 /* DetailViewController.m */,
			);
			name = Controllers;
			sourceTree = "<group>";
		};
		BF1050AE1C0511FE00133608 /* View */ = {
			isa = PBXGroup;
			children = (
				BF4443E11C03B53800D7D009 /* Main.storyboard */,
			);
			name = View;
			sourceTree = "<group>";
		};
		BF1050AF1C05121600133608 /* Model */ = {
			isa = PBXGroup;
			children = (
				BF1050B01C05125E00133608 /* LocationController.h */,
				BF1050B11C05125E00133608 /* LocationController.m */,
				BFDD50771C067279003ADE4F /* Reminder.h */,
				BFDD50781C067279003ADE4F /* Reminder.m */,
			);
			name = Model;
			sourceTree = "<group>";
		};
		BF4443CC1C03B53800D7D009 = {
			isa = PBXGroup;
			children = (
				BF44440F1C03D86700D7D009 /* CodeChallenges */,
				BF4443D71C03B53800D7D009 /* LocationBasedReminders */,
				BF4443F11C03B53800D7D009 /* LocationBasedRemindersTests */,
				BF4443FC1C03B53800D7D009 /* LocationBasedRemindersUITests */,
				BFCCBB481C0C01BE002419AB /* WatchKitLocationBasedReminders */,
				BFCCBB571C0C01BE002419AB /* WatchKitLocationBasedReminders Extension */,
				BF4443D61C03B53800D7D009 /* Products */,
			);
			sourceTree = "<group>";
		};
		BF4443D61C03B53800D7D009 /* Products */ = {
			isa = PBXGroup;
			children = (
				BF4443D51C03B53800D7D009 /* LocationBasedReminders.app */,
				BF4443EE1C03B53800D7D009 /* LocationBasedRemindersTests.xctest */,
				BF4443F91C03B53800D7D009 /* LocationBasedRemindersUITests.xctest */,
				BFCCBB471C0C01BE002419AB /* WatchKitLocationBasedReminders.app */,
				BFCCBB531C0C01BE002419AB /* WatchKitLocationBasedReminders Extension.appex */,
			);
			name = Products;
			sourceTree = "<group>";
		};
		BF4443D71C03B53800D7D009 /* LocationBasedReminders */ = {
			isa = PBXGroup;
			children = (
				BF1050AC1C05108600133608 /* App */,
				BF1050AF1C05121600133608 /* Model */,
				BF1050AD1C0511ED00133608 /* Controllers */,
				BF1050AE1C0511FE00133608 /* View */,
				BF4443E41C03B53800D7D009 /* Assets.xcassets */,
				BF4443E61C03B53800D7D009 /* LaunchScreen.storyboard */,
				BF4443E91C03B53800D7D009 /* Info.plist */,
				BF4443D81C03B53800D7D009 /* Supporting Files */,
			);
			path = LocationBasedReminders;
			sourceTree = "<group>";
		};
		BF4443D81C03B53800D7D009 /* Supporting Files */ = {
			isa = PBXGroup;
			children = (
				BFDD50751C066693003ADE4F /* Social.framework */,
				BFDD50731C06668B003ADE4F /* Accounts.framework */,
				BFDD50711C066674003ADE4F /* libsqlite3.tbd */,
				BFDD506F1C066667003ADE4F /* libz.tbd */,
				BFDD506D1C066655003ADE4F /* SystemConfiguration.framework */,
				BFDD506B1C066647003ADE4F /* StoreKit.framework */,
				BFDD50691C06663F003ADE4F /* Security.framework */,
				BFDD50671C066636003ADE4F /* QuartzCore.framework */,
				BFDD50651C06662F003ADE4F /* CoreLocation.framework */,
				BFDD50631C066625003ADE4F /* CoreGraphics.framework */,
				BFDD50611C06661C003ADE4F /* CFNetwork.framework */,
				BFDD505F1C066611003ADE4F /* AudioToolbox.framework */,
				BF44440B1C03B54A00D7D009 /* MapKit.framework */,
				BFDD50531C0664C6003ADE4F /* Bolts.framework */,
				BFDD50541C0664C6003ADE4F /* Parse.framework */,
				BFDD50551C0664C6003ADE4F /* ParseFacebookUtils.framework */,
				BFDD50561C0664C6003ADE4F /* ParseFacebookUtilsV4.framework */,
				BFDD50571C0664C6003ADE4F /* ParseTwitterUtils.framework */,
				BFDD50581C0664C6003ADE4F /* ParseUI.framework */,
				BF4443D91C03B53800D7D009 /* main.m */,
			);
			name = "Supporting Files";
			sourceTree = "<group>";
		};
		BF4443F11C03B53800D7D009 /* LocationBasedRemindersTests */ = {
			isa = PBXGroup;
			children = (
				BF4443F21C03B53800D7D009 /* LocationBasedRemindersTests.m */,
				BF4443F41C03B53800D7D009 /* Info.plist */,
			);
			path = LocationBasedRemindersTests;
			sourceTree = "<group>";
		};
		BF4443FC1C03B53800D7D009 /* LocationBasedRemindersUITests */ = {
			isa = PBXGroup;
			children = (
				BF4443FD1C03B53800D7D009 /* LocationBasedRemindersUITests.m */,
				BF4443FF1C03B53800D7D009 /* Info.plist */,
			);
			path = LocationBasedRemindersUITests;
			sourceTree = "<group>";
		};
		BF44440F1C03D86700D7D009 /* CodeChallenges */ = {
			isa = PBXGroup;
			children = (
				BF1050B61C05378900133608 /* Anagram.h */,
				BF1050B71C05378900133608 /* Anagram.m */,
				BF4444171C03EBFF00D7D009 /* Queue.h */,
				BF4444181C03EBFF00D7D009 /* Queue.m */,
				BF4444141C03DFEE00D7D009 /* Stack.h */,
				BF4444151C03DFEE00D7D009 /* Stack.m */,
			);
			name = CodeChallenges;
			sourceTree = "<group>";
		};
		BFCCBB481C0C01BE002419AB /* WatchKitLocationBasedReminders */ = {
			isa = PBXGroup;
			children = (
				BFCCBB6C1C0C04A4002419AB /* Controllers */,
				BFCCBB491C0C01BE002419AB /* Interface.storyboard */,
				BFCCBB4C1C0C01BE002419AB /* Assets.xcassets */,
				BFCCBB4E1C0C01BE002419AB /* Info.plist */,
			);
			path = WatchKitLocationBasedReminders;
			sourceTree = "<group>";
		};
		BFCCBB571C0C01BE002419AB /* WatchKitLocationBasedReminders Extension */ = {
			isa = PBXGroup;
			children = (
				BFCCBB581C0C01BE002419AB /* InterfaceController.h */,
				BFCCBB591C0C01BE002419AB /* InterfaceController.m */,
				BFCCBB5B1C0C01BE002419AB /* ExtensionDelegate.h */,
				BFCCBB5C1C0C01BE002419AB /* ExtensionDelegate.m */,
				BFCCBB5E1C0C01BE002419AB /* Assets.xcassets */,
				BFCCBB601C0C01BE002419AB /* Info.plist */,
			);
			path = "WatchKitLocationBasedReminders Extension";
			sourceTree = "<group>";
		};
		BFCCBB6C1C0C04A4002419AB /* Controllers */ = {
			isa = PBXGroup;
			children = (
				BFCCBB6D1C0C0502002419AB /* ReminderTableRowController.h */,
				BFCCBB6E1C0C0502002419AB /* ReminderTableRowController.m */,
			);
			name = Controllers;
			sourceTree = "<group>";
		};
/* End PBXGroup section */

/* Begin PBXNativeTarget section */
		BF4443D41C03B53800D7D009 /* LocationBasedReminders */ = {
			isa = PBXNativeTarget;
			buildConfigurationList = BF4444021C03B53800D7D009 /* Build configuration list for PBXNativeTarget "LocationBasedReminders" */;
			buildPhases = (
				BF4443D11C03B53800D7D009 /* Sources */,
				BF4443D21C03B53800D7D009 /* Frameworks */,
				BF4443D31C03B53800D7D009 /* Resources */,
				BFCCBB6B1C0C01BE002419AB /* Embed Watch Content */,
			);
			buildRules = (
			);
			dependencies = (
				BFCCBB621C0C01BE002419AB /* PBXTargetDependency */,
			);
			name = LocationBasedReminders;
			productName = LocationBasedReminders;
			productReference = BF4443D51C03B53800D7D009 /* LocationBasedReminders.app */;
			productType = "com.apple.product-type.application";
		};
		BF4443ED1C03B53800D7D009 /* LocationBasedRemindersTests */ = {
			isa = PBXNativeTarget;
			buildConfigurationList = BF4444051C03B53800D7D009 /* Build configuration list for PBXNativeTarget "LocationBasedRemindersTests" */;
			buildPhases = (
				BF4443EA1C03B53800D7D009 /* Sources */,
				BF4443EB1C03B53800D7D009 /* Frameworks */,
				BF4443EC1C03B53800D7D009 /* Resources */,
			);
			buildRules = (
			);
			dependencies = (
				BF4443F01C03B53800D7D009 /* PBXTargetDependency */,
			);
			name = LocationBasedRemindersTests;
			productName = LocationBasedRemindersTests;
			productReference = BF4443EE1C03B53800D7D009 /* LocationBasedRemindersTests.xctest */;
			productType = "com.apple.product-type.bundle.unit-test";
		};
		BF4443F81C03B53800D7D009 /* LocationBasedRemindersUITests */ = {
			isa = PBXNativeTarget;
			buildConfigurationList = BF4444081C03B53800D7D009 /* Build configuration list for PBXNativeTarget "LocationBasedRemindersUITests" */;
			buildPhases = (
				BF4443F51C03B53800D7D009 /* Sources */,
				BF4443F61C03B53800D7D009 /* Frameworks */,
				BF4443F71C03B53800D7D009 /* Resources */,
			);
			buildRules = (
			);
			dependencies = (
				BF4443FB1C03B53800D7D009 /* PBXTargetDependency */,
			);
			name = LocationBasedRemindersUITests;
			productName = LocationBasedRemindersUITests;
			productReference = BF4443F91C03B53800D7D009 /* LocationBasedRemindersUITests.xctest */;
			productType = "com.apple.product-type.bundle.ui-testing";
		};
		BFCCBB461C0C01BE002419AB /* WatchKitLocationBasedReminders */ = {
			isa = PBXNativeTarget;
			buildConfigurationList = BFCCBB6A1C0C01BE002419AB /* Build configuration list for PBXNativeTarget "WatchKitLocationBasedReminders" */;
			buildPhases = (
				BFCCBB451C0C01BE002419AB /* Resources */,
				BFCCBB691C0C01BE002419AB /* Embed App Extensions */,
			);
			buildRules = (
			);
			dependencies = (
				BFCCBB561C0C01BE002419AB /* PBXTargetDependency */,
			);
			name = WatchKitLocationBasedReminders;
			productName = WatchKitLocationBasedReminders;
			productReference = BFCCBB471C0C01BE002419AB /* WatchKitLocationBasedReminders.app */;
			productType = "com.apple.product-type.application.watchapp2";
		};
		BFCCBB521C0C01BE002419AB /* WatchKitLocationBasedReminders Extension */ = {
			isa = PBXNativeTarget;
			buildConfigurationList = BFCCBB681C0C01BE002419AB /* Build configuration list for PBXNativeTarget "WatchKitLocationBasedReminders Extension" */;
			buildPhases = (
				BFCCBB4F1C0C01BE002419AB /* Sources */,
				BFCCBB501C0C01BE002419AB /* Frameworks */,
				BFCCBB511C0C01BE002419AB /* Resources */,
			);
			buildRules = (
			);
			dependencies = (
			);
			name = "WatchKitLocationBasedReminders Extension";
			productName = "WatchKitLocationBasedReminders Extension";
			productReference = BFCCBB531C0C01BE002419AB /* WatchKitLocationBasedReminders Extension.appex */;
			productType = "com.apple.product-type.watchkit2-extension";
		};
/* End PBXNativeTarget section */

/* Begin PBXProject section */
		BF4443CD1C03B53800D7D009 /* Project object */ = {
			isa = PBXProject;
			attributes = {
				LastUpgradeCheck = 0700;
				ORGANIZATIONNAME = "Alberto Vega Gonzalez";
				TargetAttributes = {
					BF4443D41C03B53800D7D009 = {
						CreatedOnToolsVersion = 7.0;
						DevelopmentTeam = H53W5ARJ67;
						SystemCapabilities = {
							com.apple.BackgroundModes = {
								enabled = 0;
							};
							com.apple.Maps.iOS = {
								enabled = 1;
							};
							com.apple.Push = {
								enabled = 0;
							};
						};
					};
					BF4443ED1C03B53800D7D009 = {
						CreatedOnToolsVersion = 7.0;
						TestTargetID = BF4443D41C03B53800D7D009;
					};
					BF4443F81C03B53800D7D009 = {
						CreatedOnToolsVersion = 7.0;
						TestTargetID = BF4443D41C03B53800D7D009;
					};
					BFCCBB461C0C01BE002419AB = {
						CreatedOnToolsVersion = 7.1.1;
						DevelopmentTeam = H53W5ARJ67;
					};
					BFCCBB521C0C01BE002419AB = {
						CreatedOnToolsVersion = 7.1.1;
					};
				};
			};
			buildConfigurationList = BF4443D01C03B53800D7D009 /* Build configuration list for PBXProject "LocationBasedReminders" */;
			compatibilityVersion = "Xcode 3.2";
			developmentRegion = English;
			hasScannedForEncodings = 0;
			knownRegions = (
				en,
				Base,
			);
			mainGroup = BF4443CC1C03B53800D7D009;
			productRefGroup = BF4443D61C03B53800D7D009 /* Products */;
			projectDirPath = "";
			projectRoot = "";
			targets = (
				BF4443D41C03B53800D7D009 /* LocationBasedReminders */,
				BF4443ED1C03B53800D7D009 /* LocationBasedRemindersTests */,
				BF4443F81C03B53800D7D009 /* LocationBasedRemindersUITests */,
				BFCCBB461C0C01BE002419AB /* WatchKitLocationBasedReminders */,
				BFCCBB521C0C01BE002419AB /* WatchKitLocationBasedReminders Extension */,
			);
		};
/* End PBXProject section */

/* Begin PBXResourcesBuildPhase section */
		BF4443D31C03B53800D7D009 /* Resources */ = {
			isa = PBXResourcesBuildPhase;
			buildActionMask = 2147483647;
			files = (
				BF4443E81C03B53800D7D009 /* LaunchScreen.storyboard in Resources */,
				BF4443E51C03B53800D7D009 /* Assets.xcassets in Resources */,
				BF4443E31C03B53800D7D009 /* Main.storyboard in Resources */,
			);
			runOnlyForDeploymentPostprocessing = 0;
		};
		BF4443EC1C03B53800D7D009 /* Resources */ = {
			isa = PBXResourcesBuildPhase;
			buildActionMask = 2147483647;
			files = (
			);
			runOnlyForDeploymentPostprocessing = 0;
		};
		BF4443F71C03B53800D7D009 /* Resources */ = {
			isa = PBXResourcesBuildPhase;
			buildActionMask = 2147483647;
			files = (
			);
			runOnlyForDeploymentPostprocessing = 0;
		};
		BFCCBB451C0C01BE002419AB /* Resources */ = {
			isa = PBXResourcesBuildPhase;
			buildActionMask = 2147483647;
			files = (
				BFCCBB4D1C0C01BE002419AB /* Assets.xcassets in Resources */,
				BFCCBB4B1C0C01BE002419AB /* Interface.storyboard in Resources */,
			);
			runOnlyForDeploymentPostprocessing = 0;
		};
		BFCCBB511C0C01BE002419AB /* Resources */ = {
			isa = PBXResourcesBuildPhase;
			buildActionMask = 2147483647;
			files = (
				BFCCBB5F1C0C01BE002419AB /* Assets.xcassets in Resources */,
			);
			runOnlyForDeploymentPostprocessing = 0;
		};
/* End PBXResourcesBuildPhase section */

/* Begin PBXSourcesBuildPhase section */
		BF4443D11C03B53800D7D009 /* Sources */ = {
			isa = PBXSourcesBuildPhase;
			buildActionMask = 2147483647;
			files = (
				BF4444191C03EBFF00D7D009 /* Queue.m in Sources */,
				BFCCBB6F1C0C0502002419AB /* ReminderTableRowController.m in Sources */,
				BF4444161C03DFEE00D7D009 /* Stack.m in Sources */,
				BF1050B21C05125E00133608 /* LocationController.m in Sources */,
				BF1050B81C05378900133608 /* Anagram.m in Sources */,
				BFDD50791C067279003ADE4F /* Reminder.m in Sources */,
				BF4443E01C03B53800D7D009 /* ViewController.m in Sources */,
				BF4443DD1C03B53800D7D009 /* AppDelegate.m in Sources */,
				BF4443DA1C03B53800D7D009 /* main.m in Sources */,
				BF1050B51C051FB100133608 /* DetailViewController.m in Sources */,
			);
			runOnlyForDeploymentPostprocessing = 0;
		};
		BF4443EA1C03B53800D7D009 /* Sources */ = {
			isa = PBXSourcesBuildPhase;
			buildActionMask = 2147483647;
			files = (
				BF4443F31C03B53800D7D009 /* LocationBasedRemindersTests.m in Sources */,
			);
			runOnlyForDeploymentPostprocessing = 0;
		};
		BF4443F51C03B53800D7D009 /* Sources */ = {
			isa = PBXSourcesBuildPhase;
			buildActionMask = 2147483647;
			files = (
				BF4443FE1C03B53800D7D009 /* LocationBasedRemindersUITests.m in Sources */,
			);
			runOnlyForDeploymentPostprocessing = 0;
		};
		BFCCBB4F1C0C01BE002419AB /* Sources */ = {
			isa = PBXSourcesBuildPhase;
			buildActionMask = 2147483647;
			files = (
				BFCCBB5D1C0C01BE002419AB /* ExtensionDelegate.m in Sources */,
				BFCCBB5A1C0C01BE002419AB /* InterfaceController.m in Sources */,
			);
			runOnlyForDeploymentPostprocessing = 0;
		};
/* End PBXSourcesBuildPhase section */

/* Begin PBXTargetDependency section */
		BF4443F01C03B53800D7D009 /* PBXTargetDependency */ = {
			isa = PBXTargetDependency;
			target = BF4443D41C03B53800D7D009 /* LocationBasedReminders */;
			targetProxy = BF4443EF1C03B53800D7D009 /* PBXContainerItemProxy */;
		};
		BF4443FB1C03B53800D7D009 /* PBXTargetDependency */ = {
			isa = PBXTargetDependency;
			target = BF4443D41C03B53800D7D009 /* LocationBasedReminders */;
			targetProxy = BF4443FA1C03B53800D7D009 /* PBXContainerItemProxy */;
		};
		BFCCBB561C0C01BE002419AB /* PBXTargetDependency */ = {
			isa = PBXTargetDependency;
			target = BFCCBB521C0C01BE002419AB /* WatchKitLocationBasedReminders Extension */;
			targetProxy = BFCCBB551C0C01BE002419AB /* PBXContainerItemProxy */;
		};
		BFCCBB621C0C01BE002419AB /* PBXTargetDependency */ = {
			isa = PBXTargetDependency;
			target = BFCCBB461C0C01BE002419AB /* WatchKitLocationBasedReminders */;
			targetProxy = BFCCBB611C0C01BE002419AB /* PBXContainerItemProxy */;
		};
/* End PBXTargetDependency section */

/* Begin PBXVariantGroup section */
		BF4443E11C03B53800D7D009 /* Main.storyboard */ = {
			isa = PBXVariantGroup;
			children = (
				BF4443E21C03B53800D7D009 /* Base */,
			);
			name = Main.storyboard;
			sourceTree = "<group>";
		};
		BF4443E61C03B53800D7D009 /* LaunchScreen.storyboard */ = {
			isa = PBXVariantGroup;
			children = (
				BF4443E71C03B53800D7D009 /* Base */,
			);
			name = LaunchScreen.storyboard;
			sourceTree = "<group>";
		};
		BFCCBB491C0C01BE002419AB /* Interface.storyboard */ = {
			isa = PBXVariantGroup;
			children = (
				BFCCBB4A1C0C01BE002419AB /* Base */,
			);
			name = Interface.storyboard;
			sourceTree = "<group>";
		};
/* End PBXVariantGroup section */

/* Begin XCBuildConfiguration section */
		BF4444001C03B53800D7D009 /* Debug */ = {
			isa = XCBuildConfiguration;
			buildSettings = {
				ALWAYS_SEARCH_USER_PATHS = NO;
				CLANG_CXX_LANGUAGE_STANDARD = "gnu++0x";
				CLANG_CXX_LIBRARY = "libc++";
				CLANG_ENABLE_MODULES = YES;
				CLANG_ENABLE_OBJC_ARC = YES;
				CLANG_WARN_BOOL_CONVERSION = YES;
				CLANG_WARN_CONSTANT_CONVERSION = YES;
				CLANG_WARN_DIRECT_OBJC_ISA_USAGE = YES_ERROR;
				CLANG_WARN_EMPTY_BODY = YES;
				CLANG_WARN_ENUM_CONVERSION = YES;
				CLANG_WARN_INT_CONVERSION = YES;
				CLANG_WARN_OBJC_ROOT_CLASS = YES_ERROR;
				CLANG_WARN_UNREACHABLE_CODE = YES;
				CLANG_WARN__DUPLICATE_METHOD_MATCH = YES;
				"CODE_SIGN_IDENTITY[sdk=iphoneos*]" = "iPhone Developer";
				COPY_PHASE_STRIP = NO;
				DEBUG_INFORMATION_FORMAT = dwarf;
				ENABLE_STRICT_OBJC_MSGSEND = YES;
				ENABLE_TESTABILITY = YES;
				GCC_C_LANGUAGE_STANDARD = gnu99;
				GCC_DYNAMIC_NO_PIC = NO;
				GCC_NO_COMMON_BLOCKS = YES;
				GCC_OPTIMIZATION_LEVEL = 0;
				GCC_PREPROCESSOR_DEFINITIONS = (
					"DEBUG=1",
					"$(inherited)",
				);
				GCC_WARN_64_TO_32_BIT_CONVERSION = YES;
				GCC_WARN_ABOUT_RETURN_TYPE = YES_ERROR;
				GCC_WARN_UNDECLARED_SELECTOR = YES;
				GCC_WARN_UNINITIALIZED_AUTOS = YES_AGGRESSIVE;
				GCC_WARN_UNUSED_FUNCTION = YES;
				GCC_WARN_UNUSED_VARIABLE = YES;
				IPHONEOS_DEPLOYMENT_TARGET = 9.0;
				MTL_ENABLE_DEBUG_INFO = YES;
				ONLY_ACTIVE_ARCH = YES;
				SDKROOT = iphoneos;
				TARGETED_DEVICE_FAMILY = "1,2";
			};
			name = Debug;
		};
		BF4444011C03B53800D7D009 /* Release */ = {
			isa = XCBuildConfiguration;
			buildSettings = {
				ALWAYS_SEARCH_USER_PATHS = NO;
				CLANG_CXX_LANGUAGE_STANDARD = "gnu++0x";
				CLANG_CXX_LIBRARY = "libc++";
				CLANG_ENABLE_MODULES = YES;
				CLANG_ENABLE_OBJC_ARC = YES;
				CLANG_WARN_BOOL_CONVERSION = YES;
				CLANG_WARN_CONSTANT_CONVERSION = YES;
				CLANG_WARN_DIRECT_OBJC_ISA_USAGE = YES_ERROR;
				CLANG_WARN_EMPTY_BODY = YES;
				CLANG_WARN_ENUM_CONVERSION = YES;
				CLANG_WARN_INT_CONVERSION = YES;
				CLANG_WARN_OBJC_ROOT_CLASS = YES_ERROR;
				CLANG_WARN_UNREACHABLE_CODE = YES;
				CLANG_WARN__DUPLICATE_METHOD_MATCH = YES;
				"CODE_SIGN_IDENTITY[sdk=iphoneos*]" = "iPhone Developer";
				COPY_PHASE_STRIP = NO;
				DEBUG_INFORMATION_FORMAT = "dwarf-with-dsym";
				ENABLE_NS_ASSERTIONS = NO;
				ENABLE_STRICT_OBJC_MSGSEND = YES;
				GCC_C_LANGUAGE_STANDARD = gnu99;
				GCC_NO_COMMON_BLOCKS = YES;
				GCC_WARN_64_TO_32_BIT_CONVERSION = YES;
				GCC_WARN_ABOUT_RETURN_TYPE = YES_ERROR;
				GCC_WARN_UNDECLARED_SELECTOR = YES;
				GCC_WARN_UNINITIALIZED_AUTOS = YES_AGGRESSIVE;
				GCC_WARN_UNUSED_FUNCTION = YES;
				GCC_WARN_UNUSED_VARIABLE = YES;
				IPHONEOS_DEPLOYMENT_TARGET = 9.0;
				MTL_ENABLE_DEBUG_INFO = NO;
				SDKROOT = iphoneos;
				TARGETED_DEVICE_FAMILY = "1,2";
				VALIDATE_PRODUCT = YES;
			};
			name = Release;
		};
		BF4444031C03B53800D7D009 /* Debug */ = {
			isa = XCBuildConfiguration;
			buildSettings = {
				ASSETCATALOG_COMPILER_APPICON_NAME = AppIcon;
				CODE_SIGN_IDENTITY = "iPhone Developer";
				"CODE_SIGN_IDENTITY[sdk=iphoneos*]" = "iPhone Developer";
				FRAMEWORK_SEARCH_PATHS = (
					"$(inherited)",
					"$(PROJECT_DIR)/LocationBasedReminders",
				);
				INFOPLIST_FILE = LocationBasedReminders/Info.plist;
				IPHONEOS_DEPLOYMENT_TARGET = 9.1;
				LD_RUNPATH_SEARCH_PATHS = "$(inherited) @executable_path/Frameworks";
				PRODUCT_BUNDLE_IDENTIFIER = com.example.LocationBasedReminders;
				PRODUCT_NAME = "$(TARGET_NAME)";
				PROVISIONING_PROFILE = "";
				TARGETED_DEVICE_FAMILY = "1,2";
			};
			name = Debug;
		};
		BF4444041C03B53800D7D009 /* Release */ = {
			isa = XCBuildConfiguration;
			buildSettings = {
				ASSETCATALOG_COMPILER_APPICON_NAME = AppIcon;
				CODE_SIGN_IDENTITY = "iPhone Developer";
				"CODE_SIGN_IDENTITY[sdk=iphoneos*]" = "iPhone Developer";
				FRAMEWORK_SEARCH_PATHS = (
					"$(inherited)",
					"$(PROJECT_DIR)/LocationBasedReminders",
				);
				INFOPLIST_FILE = LocationBasedReminders/Info.plist;
				IPHONEOS_DEPLOYMENT_TARGET = 9.1;
				LD_RUNPATH_SEARCH_PATHS = "$(inherited) @executable_path/Frameworks";
				PRODUCT_BUNDLE_IDENTIFIER = com.example.LocationBasedReminders;
				PRODUCT_NAME = "$(TARGET_NAME)";
				PROVISIONING_PROFILE = "";
				TARGETED_DEVICE_FAMILY = "1,2";
			};
			name = Release;
		};
		BF4444061C03B53800D7D009 /* Debug */ = {
			isa = XCBuildConfiguration;
			buildSettings = {
				BUNDLE_LOADER = "$(TEST_HOST)";
				INFOPLIST_FILE = LocationBasedRemindersTests/Info.plist;
				LD_RUNPATH_SEARCH_PATHS = "$(inherited) @executable_path/Frameworks @loader_path/Frameworks";
				PRODUCT_BUNDLE_IDENTIFIER = com.example.LocationBasedRemindersTests;
				PRODUCT_NAME = "$(TARGET_NAME)";
				TEST_HOST = "$(BUILT_PRODUCTS_DIR)/LocationBasedReminders.app/LocationBasedReminders";
			};
			name = Debug;
		};
		BF4444071C03B53800D7D009 /* Release */ = {
			isa = XCBuildConfiguration;
			buildSettings = {
				BUNDLE_LOADER = "$(TEST_HOST)";
				INFOPLIST_FILE = LocationBasedRemindersTests/Info.plist;
				LD_RUNPATH_SEARCH_PATHS = "$(inherited) @executable_path/Frameworks @loader_path/Frameworks";
				PRODUCT_BUNDLE_IDENTIFIER = com.example.LocationBasedRemindersTests;
				PRODUCT_NAME = "$(TARGET_NAME)";
				TEST_HOST = "$(BUILT_PRODUCTS_DIR)/LocationBasedReminders.app/LocationBasedReminders";
			};
			name = Release;
		};
		BF4444091C03B53800D7D009 /* Debug */ = {
			isa = XCBuildConfiguration;
			buildSettings = {
				INFOPLIST_FILE = LocationBasedRemindersUITests/Info.plist;
				LD_RUNPATH_SEARCH_PATHS = "$(inherited) @executable_path/Frameworks @loader_path/Frameworks";
				PRODUCT_BUNDLE_IDENTIFIER = com.example.LocationBasedRemindersUITests;
				PRODUCT_NAME = "$(TARGET_NAME)";
				TEST_TARGET_NAME = LocationBasedReminders;
				USES_XCTRUNNER = YES;
			};
			name = Debug;
		};
		BF44440A1C03B53800D7D009 /* Release */ = {
			isa = XCBuildConfiguration;
			buildSettings = {
				INFOPLIST_FILE = LocationBasedRemindersUITests/Info.plist;
				LD_RUNPATH_SEARCH_PATHS = "$(inherited) @executable_path/Frameworks @loader_path/Frameworks";
				PRODUCT_BUNDLE_IDENTIFIER = com.example.LocationBasedRemindersUITests;
				PRODUCT_NAME = "$(TARGET_NAME)";
				TEST_TARGET_NAME = LocationBasedReminders;
				USES_XCTRUNNER = YES;
			};
			name = Release;
		};
		BFCCBB641C0C01BE002419AB /* Debug */ = {
			isa = XCBuildConfiguration;
			buildSettings = {
				ASSETCATALOG_COMPILER_APPICON_NAME = AppIcon;
				CODE_SIGN_IDENTITY = "iPhone Developer";
				"CODE_SIGN_IDENTITY[sdk=iphoneos*]" = "iPhone Developer";
				IBSC_MODULE = WatchKitLocationBasedReminders_Extension;
				INFOPLIST_FILE = WatchKitLocationBasedReminders/Info.plist;
				PRODUCT_BUNDLE_IDENTIFIER = com.example.LocationBasedReminders.watchkitapp;
				PRODUCT_NAME = "$(TARGET_NAME)";
				SDKROOT = watchos;
				SKIP_INSTALL = YES;
				TARGETED_DEVICE_FAMILY = 4;
				WATCHOS_DEPLOYMENT_TARGET = 2.0;
			};
			name = Debug;
		};
		BFCCBB651C0C01BE002419AB /* Release */ = {
			isa = XCBuildConfiguration;
			buildSettings = {
				ASSETCATALOG_COMPILER_APPICON_NAME = AppIcon;
				CODE_SIGN_IDENTITY = "iPhone Developer";
				"CODE_SIGN_IDENTITY[sdk=iphoneos*]" = "iPhone Developer";
				IBSC_MODULE = WatchKitLocationBasedReminders_Extension;
				INFOPLIST_FILE = WatchKitLocationBasedReminders/Info.plist;
				PRODUCT_BUNDLE_IDENTIFIER = com.example.LocationBasedReminders.watchkitapp;
				PRODUCT_NAME = "$(TARGET_NAME)";
				SDKROOT = watchos;
				SKIP_INSTALL = YES;
				TARGETED_DEVICE_FAMILY = 4;
				WATCHOS_DEPLOYMENT_TARGET = 2.0;
			};
			name = Release;
		};
		BFCCBB661C0C01BE002419AB /* Debug */ = {
			isa = XCBuildConfiguration;
			buildSettings = {
				INFOPLIST_FILE = "WatchKitLocationBasedReminders Extension/Info.plist";
				LD_RUNPATH_SEARCH_PATHS = "$(inherited) @executable_path/Frameworks @executable_path/../../Frameworks";
				PRODUCT_BUNDLE_IDENTIFIER = com.example.LocationBasedReminders.watchkitapp.watchkitextension;
				PRODUCT_NAME = "${TARGET_NAME}";
				SDKROOT = watchos;
				SKIP_INSTALL = YES;
				TARGETED_DEVICE_FAMILY = 4;
				WATCHOS_DEPLOYMENT_TARGET = 2.0;
			};
			name = Debug;
		};
		BFCCBB671C0C01BE002419AB /* Release */ = {
			isa = XCBuildConfiguration;
			buildSettings = {
				INFOPLIST_FILE = "WatchKitLocationBasedReminders Extension/Info.plist";
				LD_RUNPATH_SEARCH_PATHS = "$(inherited) @executable_path/Frameworks @executable_path/../../Frameworks";
				PRODUCT_BUNDLE_IDENTIFIER = com.example.LocationBasedReminders.watchkitapp.watchkitextension;
				PRODUCT_NAME = "${TARGET_NAME}";
				SDKROOT = watchos;
				SKIP_INSTALL = YES;
				TARGETED_DEVICE_FAMILY = 4;
				WATCHOS_DEPLOYMENT_TARGET = 2.0;
			};
			name = Release;
		};
/* End XCBuildConfiguration section */

/* Begin XCConfigurationList section */
		BF4443D01C03B53800D7D009 /* Build configuration list for PBXProject "LocationBasedReminders" */ = {
			isa = XCConfigurationList;
			buildConfigurations = (
				BF4444001C03B53800D7D009 /* Debug */,
				BF4444011C03B53800D7D009 /* Release */,
			);
			defaultConfigurationIsVisible = 0;
			defaultConfigurationName = Release;
		};
		BF4444021C03B53800D7D009 /* Build configuration list for PBXNativeTarget "LocationBasedReminders" */ = {
			isa = XCConfigurationList;
			buildConfigurations = (
				BF4444031C03B53800D7D009 /* Debug */,
				BF4444041C03B53800D7D009 /* Release */,
			);
			defaultConfigurationIsVisible = 0;
			defaultConfigurationName = Release;
		};
		BF4444051C03B53800D7D009 /* Build configuration list for PBXNativeTarget "LocationBasedRemindersTests" */ = {
			isa = XCConfigurationList;
			buildConfigurations = (
				BF4444061C03B53800D7D009 /* Debug */,
				BF4444071C03B53800D7D009 /* Release */,
			);
			defaultConfigurationIsVisible = 0;
			defaultConfigurationName = Release;
		};
		BF4444081C03B53800D7D009 /* Build configuration list for PBXNativeTarget "LocationBasedRemindersUITests" */ = {
			isa = XCConfigurationList;
			buildConfigurations = (
				BF4444091C03B53800D7D009 /* Debug */,
				BF44440A1C03B53800D7D009 /* Release */,
			);
			defaultConfigurationIsVisible = 0;
			defaultConfigurationName = Release;
		};
		BFCCBB681C0C01BE002419AB /* Build configuration list for PBXNativeTarget "WatchKitLocationBasedReminders Extension" */ = {
			isa = XCConfigurationList;
			buildConfigurations = (
				BFCCBB661C0C01BE002419AB /* Debug */,
				BFCCBB671C0C01BE002419AB /* Release */,
			);
			defaultConfigurationIsVisible = 0;
		};
		BFCCBB6A1C0C01BE002419AB /* Build configuration list for PBXNativeTarget "WatchKitLocationBasedReminders" */ = {
			isa = XCConfigurationList;
			buildConfigurations = (
				BFCCBB641C0C01BE002419AB /* Debug */,
				BFCCBB651C0C01BE002419AB /* Release */,
			);
			defaultConfigurationIsVisible = 0;
		};
/* End XCConfigurationList section */
	};
	rootObject = BF4443CD1C03B53800D7D009 /* Project object */;
}
